# This file was autogenerated by Stack.
# You should not edit this file by hand.
# For more information, please see the documentation at:
#   https://docs.haskellstack.org/en/stable/lock_files

packages:
- completed:
    cabal-file:
      size: 3948
      sha256: ad7828fd5d1939cf4cc649dd3daa422133000b06e6f42a7ebb5940dbfc83e5bf
    name: harg
    version: 0.1.0.2
    git: https://github.com/alexpeits/harg.git
    pantry-tree:
      size: 2608
      sha256: 25dc03ec483a58f45014ef5e0d526cbed15776c59fc34ac7e2bf40407107fa62
    commit: 4233bbb0ec8648e61838efc02a7f96b983dec841
  original:
    git: https://github.com/alexpeits/harg.git
    commit: 4233bbb0ec8648e61838efc02a7f96b983dec841
- completed:
    hackage: higgledy-0.2.1.0@sha256:d1aa2e6ce0abaf69bb1982ff612e910e1e83889c85410042ee6d94bd68aabc7d,1601
    pantry-tree:
      size: 801
      sha256: 8760f0cbb7baa24ee58ffe1da14bc557d150c976b0d081f475acde03f4b09223
  original:
    hackage: higgledy-0.2.1.0
- completed:
    hackage: datetime-0.3.1@sha256:7e275bd0ce7a2f66445bedfa0006abaf4d41af4c2204c3f8004c17eab5480e74,1534
    pantry-tree:
      size: 334
      sha256: d41d182c143676464cb1774f0b7777e870ddeaf8b6cd5fee6ff0114997a1f504
  original:
    hackage: datetime-0.3.1
snapshots:
- completed:
    size: 500539
    url: https://raw.githubusercontent.com/commercialhaskell/stackage-snapshots/master/lts/13/29.yaml
    sha256: 006398c5e92d1d64737b7e98ae4d63987c36808814504d1451f56ebd98093f75
  original: lts-13.29
