# This file was autogenerated by Stack.
# You should not edit this file by hand.
# For more information, please see the documentation at:
#   https://docs.haskellstack.org/en/stable/lock_files

packages:
- completed:
    hackage: harg-0.4.0.0@sha256:04dd9fab4df7dec99e839f1dd6f9d0f7e7c1a5e17990f608dfef7f2429241385,4048
    pantry-tree:
      size: 2025
      sha256: f134e12c2be591e062e053e633e2371d3de8c674a52905574c313e06418db290
  original:
    hackage: harg-0.4.0.0
- completed:
    hackage: higgledy-0.3.1.0@sha256:fa3e3cb4e92e76b0fa6ce7212e12f8e479ceb1b276a6e8edf152b8c5b6834888,2031
    pantry-tree:
      size: 780
      sha256: be1e99777f5d16f39fb584131ad8a49888d681eb3cc308bf6877d9f123dcbbe0
  original:
    hackage: higgledy-0.3.1.0
- completed:
    hackage: ring-buffer-0.4@sha256:bd931d0cb457c1b33c22b54f2e59ac6008f7a382284c5a4ac9c7659458863e83,1521
    pantry-tree:
      size: 318
      sha256: 020baf442e8a717f885bac1f9320106eea2c90b50129464cf9ff1ccda6bde1e1
  original:
    hackage: ring-buffer-0.4
- completed:
    hackage: with-utf8-1.0.1.0@sha256:455bebb5e76004c98f674803bff26ec78421de5db35d36e5ea75e6bf12563e32,2798
    pantry-tree:
      size: 975
      sha256: 4fea8d17c1f957bd3ba0058570c8a23342deff2b6f40ce47329533165358d8f5
  original:
    hackage: with-utf8-1.0.1.0
snapshots:
- completed:
    size: 524996
    url: https://raw.githubusercontent.com/commercialhaskell/stackage-snapshots/master/lts/14/26.yaml
    sha256: c544f5b0c4877de1f69353442ef511a361e1bdacf86304a8ad7657abdff3b28a
  original: lts-14.26
