# This file was autogenerated by Stack.
# You should not edit this file by hand.
# For more information, please see the documentation at:
#   https://docs.haskellstack.org/en/stable/lock_files

packages:
- completed:
    hackage: harg-0.4.0.0@sha256:04dd9fab4df7dec99e839f1dd6f9d0f7e7c1a5e17990f608dfef7f2429241385,4048
    pantry-tree:
      size: 2025
      sha256: f134e12c2be591e062e053e633e2371d3de8c674a52905574c313e06418db290
  original:
    hackage: harg-0.4.0.0
- completed:
    hackage: higgledy-0.3.1.0@sha256:fa3e3cb4e92e76b0fa6ce7212e12f8e479ceb1b276a6e8edf152b8c5b6834888,2031
    pantry-tree:
      size: 780
      sha256: be1e99777f5d16f39fb584131ad8a49888d681eb3cc308bf6877d9f123dcbbe0
  original:
    hackage: higgledy-0.3.1.0
- completed:
    hackage: datetime-0.3.1@sha256:7e275bd0ce7a2f66445bedfa0006abaf4d41af4c2204c3f8004c17eab5480e74,1534
    pantry-tree:
      size: 334
      sha256: d41d182c143676464cb1774f0b7777e870ddeaf8b6cd5fee6ff0114997a1f504
  original:
    hackage: datetime-0.3.1
snapshots:
- completed:
    size: 524786
    url: https://raw.githubusercontent.com/commercialhaskell/stackage-snapshots/master/lts/14/11.yaml
    sha256: 088bb91b545839510a41ae92fa5feb36779ef3529571a42bd12b9f51eb89ded3
  original: lts-14.11
